
Microsoft Visual Studio Solution File, Format Version 12.00
# Visual Studio Version 17
VisualStudioVersion = 17.0.31903.59
MinimumVisualStudioVersion = 10.0.40219.1
Project("{2150E333-8FDC-42A3-9474-1A3956D46DE8}") = "Core", "Core", "{F5D720FB-36AD-4B8E-92A6-CE93F784727D}"
EndProject
Project("{FAE04EC0-301F-11D3-BF4B-00C04F79EFBC}") = "ECommercialAPI.Domain", "Core\ECommercialAPI.Domain\ECommercialAPI.Domain.csproj", "{1ED831C5-3DEB-4C64-A6BC-82BE3928503B}"
EndProject
Project("{FAE04EC0-301F-11D3-BF4B-00C04F79EFBC}") = "ECommercialAPI.Application", "Core\ECommercialAPI.Application\ECommercialAPI.Application.csproj", "{BFF19831-B63C-413D-A56B-A3F0D6837DFB}"
EndProject
Project("{2150E333-8FDC-42A3-9474-1A3956D46DE8}") = "Infrastructure", "Infrastructure", "{918553ED-AAD2-40E2-800A-66501B71A9B8}"
EndProject
Project("{FAE04EC0-301F-11D3-BF4B-00C04F79EFBC}") = "ECommercialAPI.Infrastructure", "Infrastructure\ECommercialAPI.Infrastructure\ECommercialAPI.Infrastructure.csproj", "{CFDD49A9-939A-4476-ABF0-F3AF4886D92F}"
EndProject
Project("{FAE04EC0-301F-11D3-BF4B-00C04F79EFBC}") = "ECommercialAPI.Persistence", "Infrastructure\ECommercialAPI.Persistence\ECommercialAPI.Persistence.csproj", "{B6C2B9C2-1371-4C3B-8142-18BB1BA3B0AC}"
EndProject
Project("{2150E333-8FDC-42A3-9474-1A3956D46DE8}") = "Presentation", "Presentation", "{C808882A-CA4E-47A2-ABD7-F5B0A162B5D2}"
EndProject
Project("{FAE04EC0-301F-11D3-BF4B-00C04F79EFBC}") = "ECommercialAPI.API", "Presentation\ECommercialAPI.API\ECommercialAPI.API.csproj", "{D8B4C7A8-C5DD-4B75-9BBC-EC0F82DBE4FB}"
EndProject
Global
	GlobalSection(SolutionConfigurationPlatforms) = preSolution
		Debug|Any CPU = Debug|Any CPU
		Release|Any CPU = Release|Any CPU
	EndGlobalSection
	GlobalSection(ProjectConfigurationPlatforms) = postSolution
		{1ED831C5-3DEB-4C64-A6BC-82BE3928503B}.Debug|Any CPU.ActiveCfg = Debug|Any CPU
		{1ED831C5-3DEB-4C64-A6BC-82BE3928503B}.Debug|Any CPU.Build.0 = Debug|Any CPU
		{1ED831C5-3DEB-4C64-A6BC-82BE3928503B}.Release|Any CPU.ActiveCfg = Release|Any CPU
		{1ED831C5-3DEB-4C64-A6BC-82BE3928503B}.Release|Any CPU.Build.0 = Release|Any CPU
		{BFF19831-B63C-413D-A56B-A3F0D6837DFB}.Debug|Any CPU.ActiveCfg = Debug|Any CPU
		{BFF19831-B63C-413D-A56B-A3F0D6837DFB}.Debug|Any CPU.Build.0 = Debug|Any CPU
		{BFF19831-B63C-413D-A56B-A3F0D6837DFB}.Release|Any CPU.ActiveCfg = Release|Any CPU
		{BFF19831-B63C-413D-A56B-A3F0D6837DFB}.Release|Any CPU.Build.0 = Release|Any CPU
		{CFDD49A9-939A-4476-ABF0-F3AF4886D92F}.Debug|Any CPU.ActiveCfg = Debug|Any CPU
		{CFDD49A9-939A-4476-ABF0-F3AF4886D92F}.Debug|Any CPU.Build.0 = Debug|Any CPU
		{CFDD49A9-939A-4476-ABF0-F3AF4886D92F}.Release|Any CPU.ActiveCfg = Release|Any CPU
		{CFDD49A9-939A-4476-ABF0-F3AF4886D92F}.Release|Any CPU.Build.0 = Release|Any CPU
		{B6C2B9C2-1371-4C3B-8142-18BB1BA3B0AC}.Debug|Any CPU.ActiveCfg = Debug|Any CPU
		{B6C2B9C2-1371-4C3B-8142-18BB1BA3B0AC}.Debug|Any CPU.Build.0 = Debug|Any CPU
		{B6C2B9C2-1371-4C3B-8142-18BB1BA3B0AC}.Release|Any CPU.ActiveCfg = Release|Any CPU
		{B6C2B9C2-1371-4C3B-8142-18BB1BA3B0AC}.Release|Any CPU.Build.0 = Release|Any CPU
		{D8B4C7A8-C5DD-4B75-9BBC-EC0F82DBE4FB}.Debug|Any CPU.ActiveCfg = Debug|Any CPU
		{D8B4C7A8-C5DD-4B75-9BBC-EC0F82DBE4FB}.Debug|Any CPU.Build.0 = Debug|Any CPU
		{D8B4C7A8-C5DD-4B75-9BBC-EC0F82DBE4FB}.Release|Any CPU.ActiveCfg = Release|Any CPU
		{D8B4C7A8-C5DD-4B75-9BBC-EC0F82DBE4FB}.Release|Any CPU.Build.0 = Release|Any CPU
	EndGlobalSection
	GlobalSection(SolutionProperties) = preSolution
		HideSolutionNode = FALSE
	EndGlobalSection
	GlobalSection(NestedProjects) = preSolution
		{1ED831C5-3DEB-4C64-A6BC-82BE3928503B} = {F5D720FB-36AD-4B8E-92A6-CE93F784727D}
		{BFF19831-B63C-413D-A56B-A3F0D6837DFB} = {F5D720FB-36AD-4B8E-92A6-CE93F784727D}
		{CFDD49A9-939A-4476-ABF0-F3AF4886D92F} = {918553ED-AAD2-40E2-800A-66501B71A9B8}
		{B6C2B9C2-1371-4C3B-8142-18BB1BA3B0AC} = {918553ED-AAD2-40E2-800A-66501B71A9B8}
		{D8B4C7A8-C5DD-4B75-9BBC-EC0F82DBE4FB} = {C808882A-CA4E-47A2-ABD7-F5B0A162B5D2}
	EndGlobalSection
	GlobalSection(ExtensibilityGlobals) = postSolution
		SolutionGuid = {69745A72-75DA-4537-B7F5-7A18D1AC1772}
	EndGlobalSection
EndGlobal
